
Microsoft Visual Studio Solution File, Format Version 12.00
# Visual Studio Version 17
VisualStudioVersion = 17.4.33205.214
MinimumVisualStudioVersion = 10.0.40219.1
Project("{9A19103F-16F7-4668-BE54-9A1E7A4F7556}") = "PublisherApp", "Solution\PublisherApp\PublisherApp.csproj", "{2B88881E-3406-443E-8334-8B1B84B064CF}"
EndProject
Project("{2150E333-8FDC-42A3-9474-1A3956D46DE8}") = "Solution Items", "Solution Items", "{479D2076-83F5-42EC-A9F1-F68B42673323}"
	ProjectSection(SolutionItems) = preProject
		.gitignore = .gitignore
		.prettierignore = .prettierignore
		.prettierrc.json = .prettierrc.json
		docker-compose.yml = docker-compose.yml
		package-lock.json = package-lock.json
		package.json = package.json
		README.md = README.md
		TODO.md = TODO.md
	EndProjectSection
EndProject
Project("{9A19103F-16F7-4668-BE54-9A1E7A4F7556}") = "DockerCompose", "Solution\DockerCompose\DockerCompose.csproj", "{89A3933F-1143-46D1-9C65-37C54213EAD4}"
EndProject
Global
	GlobalSection(SolutionConfigurationPlatforms) = preSolution
		Debug|Any CPU = Debug|Any CPU
		Release|Any CPU = Release|Any CPU
	EndGlobalSection
	GlobalSection(ProjectConfigurationPlatforms) = postSolution
		{2B88881E-3406-443E-8334-8B1B84B064CF}.Debug|Any CPU.ActiveCfg = Debug|Any CPU
		{2B88881E-3406-443E-8334-8B1B84B064CF}.Debug|Any CPU.Build.0 = Debug|Any CPU
		{2B88881E-3406-443E-8334-8B1B84B064CF}.Release|Any CPU.ActiveCfg = Release|Any CPU
		{2B88881E-3406-443E-8334-8B1B84B064CF}.Release|Any CPU.Build.0 = Release|Any CPU
		{89A3933F-1143-46D1-9C65-37C54213EAD4}.Debug|Any CPU.ActiveCfg = Debug|Any CPU
		{89A3933F-1143-46D1-9C65-37C54213EAD4}.Debug|Any CPU.Build.0 = Debug|Any CPU
		{89A3933F-1143-46D1-9C65-37C54213EAD4}.Release|Any CPU.ActiveCfg = Release|Any CPU
		{89A3933F-1143-46D1-9C65-37C54213EAD4}.Release|Any CPU.Build.0 = Release|Any CPU
	EndGlobalSection
	GlobalSection(SolutionProperties) = preSolution
		HideSolutionNode = FALSE
	EndGlobalSection
	GlobalSection(ExtensibilityGlobals) = postSolution
		SolutionGuid = {8EDCFA6B-1340-4C2E-989D-F0A20432C42C}
	EndGlobalSection
EndGlobal
